// !$*UTF8*$!
{
	archiveVersion = 1;
	classes = {
	};
	objectVersion = 48;
	objects = {

/* Begin PBXBuildFile section */
		B6548C977A821F5665B28B7D /* Pods_Smack.framework in Frameworks */ = {isa = PBXBuildFile; fileRef = CA23BB44A729EAEE57AD764C /* Pods_Smack.framework */; };
		BB09E58E2002F60600F2184C /* CreateAccountVC.swift in Sources */ = {isa = PBXBuildFile; fileRef = BB09E58D2002F60600F2184C /* CreateAccountVC.swift */; };
		BB09E5912002F70900F2184C /* Constants.swift in Sources */ = {isa = PBXBuildFile; fileRef = BB09E5902002F70900F2184C /* Constants.swift */; };
		BB2D1238200B433000C039AE /* UserDataService.swift in Sources */ = {isa = PBXBuildFile; fileRef = BB2D1237200B433000C039AE /* UserDataService.swift */; };
		BB2D123C200B55C300C039AE /* AvatarPickerVC.swift in Sources */ = {isa = PBXBuildFile; fileRef = BB2D123B200B55C300C039AE /* AvatarPickerVC.swift */; };
		BB2D123E200B596400C039AE /* AvatarCell.swift in Sources */ = {isa = PBXBuildFile; fileRef = BB2D123D200B596400C039AE /* AvatarCell.swift */; };
		BB2D1243200BB93800C039AE /* CircleImage.swift in Sources */ = {isa = PBXBuildFile; fileRef = BB2D1242200BB93800C039AE /* CircleImage.swift */; };
		BB3E5C39200A042A0094EAE1 /* AuthService.swift in Sources */ = {isa = PBXBuildFile; fileRef = BB3E5C38200A042A0094EAE1 /* AuthService.swift */; };
		BB3E5C3E200A20800094EAE1 /* RoundedButton.swift in Sources */ = {isa = PBXBuildFile; fileRef = BB3E5C3D200A20800094EAE1 /* RoundedButton.swift */; };
		BB77263A200132210023573C /* GradientView.swift in Sources */ = {isa = PBXBuildFile; fileRef = BB772639200132210023573C /* GradientView.swift */; };
		BB84C7E720028F6E00332539 /* LoginVC.swift in Sources */ = {isa = PBXBuildFile; fileRef = BB84C7E620028F6E00332539 /* LoginVC.swift */; };
		BBB8B3A41FFE6F66002C53CA /* AppDelegate.swift in Sources */ = {isa = PBXBuildFile; fileRef = BBB8B3A31FFE6F66002C53CA /* AppDelegate.swift */; };
		BBB8B3A91FFE6F66002C53CA /* Main.storyboard in Resources */ = {isa = PBXBuildFile; fileRef = BBB8B3A71FFE6F66002C53CA /* Main.storyboard */; };
		BBB8B3AB1FFE6F66002C53CA /* Assets.xcassets in Resources */ = {isa = PBXBuildFile; fileRef = BBB8B3AA1FFE6F66002C53CA /* Assets.xcassets */; };
		BBB8B3AE1FFE6F66002C53CA /* LaunchScreen.storyboard in Resources */ = {isa = PBXBuildFile; fileRef = BBB8B3AC1FFE6F66002C53CA /* LaunchScreen.storyboard */; };
		BBB8B3BB1FFE71A2002C53CA /* SWRevealViewController.m in Sources */ = {isa = PBXBuildFile; fileRef = BBB8B3BA1FFE71A2002C53CA /* SWRevealViewController.m */; };
		BBB8B3C01FFE723F002C53CA /* ChatVC.swift in Sources */ = {isa = PBXBuildFile; fileRef = BBB8B3BF1FFE723F002C53CA /* ChatVC.swift */; };
		BBB8B3C21FFE724E002C53CA /* ChannelVC.swift in Sources */ = {isa = PBXBuildFile; fileRef = BBB8B3C11FFE724E002C53CA /* ChannelVC.swift */; };
		BBC6EA3F200EFF4A008E3067 /* ProfileVC.swift in Sources */ = {isa = PBXBuildFile; fileRef = BBC6EA3D200EFF4A008E3067 /* ProfileVC.swift */; };
		BBC6EA40200EFF4A008E3067 /* ProfileVC.xib in Resources */ = {isa = PBXBuildFile; fileRef = BBC6EA3E200EFF4A008E3067 /* ProfileVC.xib */; };
/* End PBXBuildFile section */

/* Begin PBXFileReference section */
		932ED0DBB61B95985B6DDA43 /* Pods-Smack.release.xcconfig */ = {isa = PBXFileReference; includeInIndex = 1; lastKnownFileType = text.xcconfig; name = "Pods-Smack.release.xcconfig"; path = "Pods/Target Support Files/Pods-Smack/Pods-Smack.release.xcconfig"; sourceTree = "<group>"; };
		BB09E58D2002F60600F2184C /* CreateAccountVC.swift */ = {isa = PBXFileReference; lastKnownFileType = sourcecode.swift; path = CreateAccountVC.swift; sourceTree = "<group>"; };
		BB09E5902002F70900F2184C /* Constants.swift */ = {isa = PBXFileReference; lastKnownFileType = sourcecode.swift; path = Constants.swift; sourceTree = "<group>"; };
		BB2D1237200B433000C039AE /* UserDataService.swift */ = {isa = PBXFileReference; lastKnownFileType = sourcecode.swift; path = UserDataService.swift; sourceTree = "<group>"; };
		BB2D123B200B55C300C039AE /* AvatarPickerVC.swift */ = {isa = PBXFileReference; lastKnownFileType = sourcecode.swift; path = AvatarPickerVC.swift; sourceTree = "<group>"; };
		BB2D123D200B596400C039AE /* AvatarCell.swift */ = {isa = PBXFileReference; lastKnownFileType = sourcecode.swift; path = AvatarCell.swift; sourceTree = "<group>"; };
		BB2D1242200BB93800C039AE /* CircleImage.swift */ = {isa = PBXFileReference; lastKnownFileType = sourcecode.swift; path = CircleImage.swift; sourceTree = "<group>"; };
		BB3E5C38200A042A0094EAE1 /* AuthService.swift */ = {isa = PBXFileReference; lastKnownFileType = sourcecode.swift; path = AuthService.swift; sourceTree = "<group>"; };
		BB3E5C3D200A20800094EAE1 /* RoundedButton.swift */ = {isa = PBXFileReference; lastKnownFileType = sourcecode.swift; path = RoundedButton.swift; sourceTree = "<group>"; };
		BB772639200132210023573C /* GradientView.swift */ = {isa = PBXFileReference; lastKnownFileType = sourcecode.swift; path = GradientView.swift; sourceTree = "<group>"; };
		BB84C7E620028F6E00332539 /* LoginVC.swift */ = {isa = PBXFileReference; lastKnownFileType = sourcecode.swift; path = LoginVC.swift; sourceTree = "<group>"; };
		BBB8B3A01FFE6F66002C53CA /* Smack.app */ = {isa = PBXFileReference; explicitFileType = wrapper.application; includeInIndex = 0; path = Smack.app; sourceTree = BUILT_PRODUCTS_DIR; };
		BBB8B3A31FFE6F66002C53CA /* AppDelegate.swift */ = {isa = PBXFileReference; lastKnownFileType = sourcecode.swift; path = AppDelegate.swift; sourceTree = "<group>"; };
		BBB8B3A81FFE6F66002C53CA /* Base */ = {isa = PBXFileReference; lastKnownFileType = file.storyboard; name = Base; path = Base.lproj/Main.storyboard; sourceTree = "<group>"; };
		BBB8B3AA1FFE6F66002C53CA /* Assets.xcassets */ = {isa = PBXFileReference; lastKnownFileType = folder.assetcatalog; path = Assets.xcassets; sourceTree = "<group>"; };
		BBB8B3AD1FFE6F66002C53CA /* Base */ = {isa = PBXFileReference; lastKnownFileType = file.storyboard; name = Base; path = Base.lproj/LaunchScreen.storyboard; sourceTree = "<group>"; };
		BBB8B3AF1FFE6F66002C53CA /* Info.plist */ = {isa = PBXFileReference; lastKnownFileType = text.plist.xml; path = Info.plist; sourceTree = "<group>"; };
		BBB8B3B81FFE71A1002C53CA /* Smack-Bridging-Header.h */ = {isa = PBXFileReference; lastKnownFileType = sourcecode.c.h; path = "Smack-Bridging-Header.h"; sourceTree = "<group>"; };
		BBB8B3B91FFE71A1002C53CA /* SWRevealViewController.h */ = {isa = PBXFileReference; fileEncoding = 4; lastKnownFileType = sourcecode.c.h; path = SWRevealViewController.h; sourceTree = "<group>"; };
		BBB8B3BA1FFE71A2002C53CA /* SWRevealViewController.m */ = {isa = PBXFileReference; fileEncoding = 4; lastKnownFileType = sourcecode.c.objc; path = SWRevealViewController.m; sourceTree = "<group>"; };
		BBB8B3BF1FFE723F002C53CA /* ChatVC.swift */ = {isa = PBXFileReference; lastKnownFileType = sourcecode.swift; path = ChatVC.swift; sourceTree = "<group>"; };
		BBB8B3C11FFE724E002C53CA /* ChannelVC.swift */ = {isa = PBXFileReference; lastKnownFileType = sourcecode.swift; path = ChannelVC.swift; sourceTree = "<group>"; };
		BBC6EA3D200EFF4A008E3067 /* ProfileVC.swift */ = {isa = PBXFileReference; lastKnownFileType = sourcecode.swift; path = ProfileVC.swift; sourceTree = "<group>"; };
		BBC6EA3E200EFF4A008E3067 /* ProfileVC.xib */ = {isa = PBXFileReference; lastKnownFileType = file.xib; path = ProfileVC.xib; sourceTree = "<group>"; };
		CA23BB44A729EAEE57AD764C /* Pods_Smack.framework */ = {isa = PBXFileReference; explicitFileType = wrapper.framework; includeInIndex = 0; path = Pods_Smack.framework; sourceTree = BUILT_PRODUCTS_DIR; };
		DBF2BE0C890798F6D5329442 /* Pods-Smack.debug.xcconfig */ = {isa = PBXFileReference; includeInIndex = 1; lastKnownFileType = text.xcconfig; name = "Pods-Smack.debug.xcconfig"; path = "Pods/Target Support Files/Pods-Smack/Pods-Smack.debug.xcconfig"; sourceTree = "<group>"; };
/* End PBXFileReference section */

/* Begin PBXFrameworksBuildPhase section */
		BBB8B39D1FFE6F66002C53CA /* Frameworks */ = {
			isa = PBXFrameworksBuildPhase;
			buildActionMask = 2147483647;
			files = (
				B6548C977A821F5665B28B7D /* Pods_Smack.framework in Frameworks */,
			);
			runOnlyForDeploymentPostprocessing = 0;
		};
/* End PBXFrameworksBuildPhase section */

/* Begin PBXGroup section */
		8B3BACED764848ED4C503EF4 /* Frameworks */ = {
			isa = PBXGroup;
			children = (
				CA23BB44A729EAEE57AD764C /* Pods_Smack.framework */,
			);
			name = Frameworks;
			sourceTree = "<group>";
		};
		BA1BA03DDBDF8BD4195B7E06 /* Pods */ = {
			isa = PBXGroup;
			children = (
				DBF2BE0C890798F6D5329442 /* Pods-Smack.debug.xcconfig */,
				932ED0DBB61B95985B6DDA43 /* Pods-Smack.release.xcconfig */,
			);
			name = Pods;
			sourceTree = "<group>";
		};
		BB09E58F2002F6F300F2184C /* Utilities */ = {
			isa = PBXGroup;
			children = (
				BB09E5902002F70900F2184C /* Constants.swift */,
			);
			path = Utilities;
			sourceTree = "<group>";
		};
		BB3E5C3A200A04380094EAE1 /* Services */ = {
			isa = PBXGroup;
			children = (
				BB3E5C38200A042A0094EAE1 /* AuthService.swift */,
				BB2D1237200B433000C039AE /* UserDataService.swift */,
			);
			path = Services;
			sourceTree = "<group>";
		};
		BBB8B3971FFE6F66002C53CA = {
			isa = PBXGroup;
			children = (
				BBB8B3A21FFE6F66002C53CA /* Smack */,
				BBB8B3A11FFE6F66002C53CA /* Products */,
				BA1BA03DDBDF8BD4195B7E06 /* Pods */,
				8B3BACED764848ED4C503EF4 /* Frameworks */,
			);
			sourceTree = "<group>";
		};
		BBB8B3A11FFE6F66002C53CA /* Products */ = {
			isa = PBXGroup;
			children = (
				BBB8B3A01FFE6F66002C53CA /* Smack.app */,
			);
			name = Products;
			sourceTree = "<group>";
		};
		BBB8B3A21FFE6F66002C53CA /* Smack */ = {
			isa = PBXGroup;
			children = (
				BBC6EA41200F055E008E3067 /* xibs */,
				BB3E5C3A200A04380094EAE1 /* Services */,
				BB09E58F2002F6F300F2184C /* Utilities */,
				BBB8B3BE1FFE722D002C53CA /* View */,
				BBB8B3BD1FFE7227002C53CA /* Model */,
				BBB8B3BC1FFE721F002C53CA /* Controller */,
				BBB8B3B71FFE7187002C53CA /* Supporting files */,
				BBB8B3A31FFE6F66002C53CA /* AppDelegate.swift */,
				BBB8B3A71FFE6F66002C53CA /* Main.storyboard */,
				BBB8B3AA1FFE6F66002C53CA /* Assets.xcassets */,
				BBB8B3AC1FFE6F66002C53CA /* LaunchScreen.storyboard */,
				BBB8B3AF1FFE6F66002C53CA /* Info.plist */,
			);
			path = Smack;
			sourceTree = "<group>";
		};
		BBB8B3B71FFE7187002C53CA /* Supporting files */ = {
			isa = PBXGroup;
			children = (
				BBB8B3B91FFE71A1002C53CA /* SWRevealViewController.h */,
				BBB8B3BA1FFE71A2002C53CA /* SWRevealViewController.m */,
				BBB8B3B81FFE71A1002C53CA /* Smack-Bridging-Header.h */,
			);
			path = "Supporting files";
			sourceTree = "<group>";
		};
		BBB8B3BC1FFE721F002C53CA /* Controller */ = {
			isa = PBXGroup;
			children = (
				BBB8B3BF1FFE723F002C53CA /* ChatVC.swift */,
				BBB8B3C11FFE724E002C53CA /* ChannelVC.swift */,
				BB84C7E620028F6E00332539 /* LoginVC.swift */,
				BB09E58D2002F60600F2184C /* CreateAccountVC.swift */,
				BB2D123B200B55C300C039AE /* AvatarPickerVC.swift */,
				BBC6EA3D200EFF4A008E3067 /* ProfileVC.swift */,
			);
			path = Controller;
			sourceTree = "<group>";
		};
		BBB8B3BD1FFE7227002C53CA /* Model */ = {
			isa = PBXGroup;
			children = (
			);
			path = Model;
			sourceTree = "<group>";
		};
		BBB8B3BE1FFE722D002C53CA /* View */ = {
			isa = PBXGroup;
			children = (
				BB772639200132210023573C /* GradientView.swift */,
				BB3E5C3D200A20800094EAE1 /* RoundedButton.swift */,
				BB2D123D200B596400C039AE /* AvatarCell.swift */,
				BB2D1242200BB93800C039AE /* CircleImage.swift */,
			);
			path = View;
			sourceTree = "<group>";
		};
		BBC6EA41200F055E008E3067 /* xibs */ = {
			isa = PBXGroup;
			children = (
				BBC6EA3E200EFF4A008E3067 /* ProfileVC.xib */,
			);
			path = xibs;
			sourceTree = "<group>";
		};
/* End PBXGroup section */

/* Begin PBXNativeTarget section */
		BBB8B39F1FFE6F66002C53CA /* Smack */ = {
			isa = PBXNativeTarget;
			buildConfigurationList = BBB8B3B21FFE6F66002C53CA /* Build configuration list for PBXNativeTarget "Smack" */;
			buildPhases = (
				457811110B2771B633A5DB4E /* [CP] Check Pods Manifest.lock */,
				BBB8B39C1FFE6F66002C53CA /* Sources */,
				BBB8B39D1FFE6F66002C53CA /* Frameworks */,
				BBB8B39E1FFE6F66002C53CA /* Resources */,
				CC59D1BA1C7E0568FA977CF1 /* [CP] Embed Pods Frameworks */,
				077EC9E958C3A567DF243C3C /* [CP] Copy Pods Resources */,
			);
			buildRules = (
			);
			dependencies = (
			);
			name = Smack;
			productName = Smack;
			productReference = BBB8B3A01FFE6F66002C53CA /* Smack.app */;
			productType = "com.apple.product-type.application";
		};
/* End PBXNativeTarget section */

/* Begin PBXProject section */
		BBB8B3981FFE6F66002C53CA /* Project object */ = {
			isa = PBXProject;
			attributes = {
				LastSwiftUpdateCheck = 0920;
				LastUpgradeCheck = 0920;
				ORGANIZATIONNAME = ths;
				TargetAttributes = {
					BBB8B39F1FFE6F66002C53CA = {
						CreatedOnToolsVersion = 9.2;
						LastSwiftMigration = 0920;
						ProvisioningStyle = Automatic;
					};
				};
			};
			buildConfigurationList = BBB8B39B1FFE6F66002C53CA /* Build configuration list for PBXProject "Smack" */;
			compatibilityVersion = "Xcode 8.0";
			developmentRegion = en;
			hasScannedForEncodings = 0;
			knownRegions = (
				en,
				Base,
			);
			mainGroup = BBB8B3971FFE6F66002C53CA;
			productRefGroup = BBB8B3A11FFE6F66002C53CA /* Products */;
			projectDirPath = "";
			projectRoot = "";
			targets = (
				BBB8B39F1FFE6F66002C53CA /* Smack */,
			);
		};
/* End PBXProject section */

/* Begin PBXResourcesBuildPhase section */
		BBB8B39E1FFE6F66002C53CA /* Resources */ = {
			isa = PBXResourcesBuildPhase;
			buildActionMask = 2147483647;
			files = (
				BBC6EA40200EFF4A008E3067 /* ProfileVC.xib in Resources */,
				BBB8B3AE1FFE6F66002C53CA /* LaunchScreen.storyboard in Resources */,
				BBB8B3AB1FFE6F66002C53CA /* Assets.xcassets in Resources */,
				BBB8B3A91FFE6F66002C53CA /* Main.storyboard in Resources */,
			);
			runOnlyForDeploymentPostprocessing = 0;
		};
/* End PBXResourcesBuildPhase section */

/* Begin PBXShellScriptBuildPhase section */
		077EC9E958C3A567DF243C3C /* [CP] Copy Pods Resources */ = {
			isa = PBXShellScriptBuildPhase;
			buildActionMask = 2147483647;
			files = (
			);
			inputPaths = (
			);
			name = "[CP] Copy Pods Resources";
			outputPaths = (
			);
			runOnlyForDeploymentPostprocessing = 0;
			shellPath = /bin/sh;
			shellScript = "\"${SRCROOT}/Pods/Target Support Files/Pods-Smack/Pods-Smack-resources.sh\"\n";
			showEnvVarsInLog = 0;
		};
		457811110B2771B633A5DB4E /* [CP] Check Pods Manifest.lock */ = {
			isa = PBXShellScriptBuildPhase;
			buildActionMask = 2147483647;
			files = (
			);
			inputPaths = (
			);
			name = "[CP] Check Pods Manifest.lock";
			outputPaths = (
			);
			runOnlyForDeploymentPostprocessing = 0;
			shellPath = /bin/sh;
			shellScript = "diff \"${PODS_ROOT}/../Podfile.lock\" \"${PODS_ROOT}/Manifest.lock\" > /dev/null\nif [ $? != 0 ] ; then\n    # print error to STDERR\n    echo \"error: The sandbox is not in sync with the Podfile.lock. Run 'pod install' or update your CocoaPods installation.\" >&2\n    exit 1\nfi\n";
			showEnvVarsInLog = 0;
		};
		CC59D1BA1C7E0568FA977CF1 /* [CP] Embed Pods Frameworks */ = {
			isa = PBXShellScriptBuildPhase;
			buildActionMask = 2147483647;
			files = (
			);
			inputPaths = (
			);
			name = "[CP] Embed Pods Frameworks";
			outputPaths = (
			);
			runOnlyForDeploymentPostprocessing = 0;
			shellPath = /bin/sh;
			shellScript = "\"${SRCROOT}/Pods/Target Support Files/Pods-Smack/Pods-Smack-frameworks.sh\"\n";
			showEnvVarsInLog = 0;
		};
/* End PBXShellScriptBuildPhase section */

/* Begin PBXSourcesBuildPhase section */
		BBB8B39C1FFE6F66002C53CA /* Sources */ = {
			isa = PBXSourcesBuildPhase;
			buildActionMask = 2147483647;
			files = (
				BBC6EA3F200EFF4A008E3067 /* ProfileVC.swift in Sources */,
				BBB8B3C01FFE723F002C53CA /* ChatVC.swift in Sources */,
				BB2D123C200B55C300C039AE /* AvatarPickerVC.swift in Sources */,
				BB3E5C3E200A20800094EAE1 /* RoundedButton.swift in Sources */,
				BB2D1243200BB93800C039AE /* CircleImage.swift in Sources */,
				BBB8B3A41FFE6F66002C53CA /* AppDelegate.swift in Sources */,
				BB2D1238200B433000C039AE /* UserDataService.swift in Sources */,
				BB84C7E720028F6E00332539 /* LoginVC.swift in Sources */,
				BB3E5C39200A042A0094EAE1 /* AuthService.swift in Sources */,
				BB77263A200132210023573C /* GradientView.swift in Sources */,
				BB09E58E2002F60600F2184C /* CreateAccountVC.swift in Sources */,
				BB2D123E200B596400C039AE /* AvatarCell.swift in Sources */,
				BBB8B3BB1FFE71A2002C53CA /* SWRevealViewController.m in Sources */,
				BBB8B3C21FFE724E002C53CA /* ChannelVC.swift in Sources */,
				BB09E5912002F70900F2184C /* Constants.swift in Sources */,
			);
			runOnlyForDeploymentPostprocessing = 0;
		};
/* End PBXSourcesBuildPhase section */

/* Begin PBXVariantGroup section */
		BBB8B3A71FFE6F66002C53CA /* Main.storyboard */ = {
			isa = PBXVariantGroup;
			children = (
				BBB8B3A81FFE6F66002C53CA /* Base */,
			);
			name = Main.storyboard;
			sourceTree = "<group>";
		};
		BBB8B3AC1FFE6F66002C53CA /* LaunchScreen.storyboard */ = {
			isa = PBXVariantGroup;
			children = (
				BBB8B3AD1FFE6F66002C53CA /* Base */,
			);
			name = LaunchScreen.storyboard;
			sourceTree = "<group>";
		};
/* End PBXVariantGroup section */

/* Begin XCBuildConfiguration section */
		BBB8B3B01FFE6F66002C53CA /* Debug */ = {
			isa = XCBuildConfiguration;
			buildSettings = {
				ALWAYS_SEARCH_USER_PATHS = NO;
				CLANG_ANALYZER_NONNULL = YES;
				CLANG_ANALYZER_NUMBER_OBJECT_CONVERSION = YES_AGGRESSIVE;
				CLANG_CXX_LANGUAGE_STANDARD = "gnu++14";
				CLANG_CXX_LIBRARY = "libc++";
				CLANG_ENABLE_MODULES = YES;
				CLANG_ENABLE_OBJC_ARC = YES;
				CLANG_WARN_BLOCK_CAPTURE_AUTORELEASING = YES;
				CLANG_WARN_BOOL_CONVERSION = YES;
				CLANG_WARN_COMMA = YES;
				CLANG_WARN_CONSTANT_CONVERSION = YES;
				CLANG_WARN_DIRECT_OBJC_ISA_USAGE = YES_ERROR;
				CLANG_WARN_DOCUMENTATION_COMMENTS = YES;
				CLANG_WARN_EMPTY_BODY = YES;
				CLANG_WARN_ENUM_CONVERSION = YES;
				CLANG_WARN_INFINITE_RECURSION = YES;
				CLANG_WARN_INT_CONVERSION = YES;
				CLANG_WARN_NON_LITERAL_NULL_CONVERSION = YES;
				CLANG_WARN_OBJC_LITERAL_CONVERSION = YES;
				CLANG_WARN_OBJC_ROOT_CLASS = YES_ERROR;
				CLANG_WARN_RANGE_LOOP_ANALYSIS = YES;
				CLANG_WARN_STRICT_PROTOTYPES = YES;
				CLANG_WARN_SUSPICIOUS_MOVE = YES;
				CLANG_WARN_UNGUARDED_AVAILABILITY = YES_AGGRESSIVE;
				CLANG_WARN_UNREACHABLE_CODE = YES;
				CLANG_WARN__DUPLICATE_METHOD_MATCH = YES;
				CODE_SIGN_IDENTITY = "iPhone Developer";
				COPY_PHASE_STRIP = NO;
				DEBUG_INFORMATION_FORMAT = dwarf;
				ENABLE_STRICT_OBJC_MSGSEND = YES;
				ENABLE_TESTABILITY = YES;
				GCC_C_LANGUAGE_STANDARD = gnu11;
				GCC_DYNAMIC_NO_PIC = NO;
				GCC_NO_COMMON_BLOCKS = YES;
				GCC_OPTIMIZATION_LEVEL = 0;
				GCC_PREPROCESSOR_DEFINITIONS = (
					"DEBUG=1",
					"$(inherited)",
				);
				GCC_WARN_64_TO_32_BIT_CONVERSION = YES;
				GCC_WARN_ABOUT_RETURN_TYPE = YES_ERROR;
				GCC_WARN_UNDECLARED_SELECTOR = YES;
				GCC_WARN_UNINITIALIZED_AUTOS = YES_AGGRESSIVE;
				GCC_WARN_UNUSED_FUNCTION = YES;
				GCC_WARN_UNUSED_VARIABLE = YES;
				IPHONEOS_DEPLOYMENT_TARGET = 11.2;
				MTL_ENABLE_DEBUG_INFO = YES;
				ONLY_ACTIVE_ARCH = YES;
				SDKROOT = iphoneos;
				SWIFT_ACTIVE_COMPILATION_CONDITIONS = DEBUG;
				SWIFT_OPTIMIZATION_LEVEL = "-Onone";
			};
			name = Debug;
		};
		BBB8B3B11FFE6F66002C53CA /* Release */ = {
			isa = XCBuildConfiguration;
			buildSettings = {
				ALWAYS_SEARCH_USER_PATHS = NO;
				CLANG_ANALYZER_NONNULL = YES;
				CLANG_ANALYZER_NUMBER_OBJECT_CONVERSION = YES_AGGRESSIVE;
				CLANG_CXX_LANGUAGE_STANDARD = "gnu++14";
				CLANG_CXX_LIBRARY = "libc++";
				CLANG_ENABLE_MODULES = YES;
				CLANG_ENABLE_OBJC_ARC = YES;
				CLANG_WARN_BLOCK_CAPTURE_AUTORELEASING = YES;
				CLANG_WARN_BOOL_CONVERSION = YES;
				CLANG_WARN_COMMA = YES;
				CLANG_WARN_CONSTANT_CONVERSION = YES;
				CLANG_WARN_DIRECT_OBJC_ISA_USAGE = YES_ERROR;
				CLANG_WARN_DOCUMENTATION_COMMENTS = YES;
				CLANG_WARN_EMPTY_BODY = YES;
				CLANG_WARN_ENUM_CONVERSION = YES;
				CLANG_WARN_INFINITE_RECURSION = YES;
				CLANG_WARN_INT_CONVERSION = YES;
				CLANG_WARN_NON_LITERAL_NULL_CONVERSION = YES;
				CLANG_WARN_OBJC_LITERAL_CONVERSION = YES;
				CLANG_WARN_OBJC_ROOT_CLASS = YES_ERROR;
				CLANG_WARN_RANGE_LOOP_ANALYSIS = YES;
				CLANG_WARN_STRICT_PROTOTYPES = YES;
				CLANG_WARN_SUSPICIOUS_MOVE = YES;
				CLANG_WARN_UNGUARDED_AVAILABILITY = YES_AGGRESSIVE;
				CLANG_WARN_UNREACHABLE_CODE = YES;
				CLANG_WARN__DUPLICATE_METHOD_MATCH = YES;
				CODE_SIGN_IDENTITY = "iPhone Developer";
				COPY_PHASE_STRIP = NO;
				DEBUG_INFORMATION_FORMAT = "dwarf-with-dsym";
				ENABLE_NS_ASSERTIONS = NO;
				ENABLE_STRICT_OBJC_MSGSEND = YES;
				GCC_C_LANGUAGE_STANDARD = gnu11;
				GCC_NO_COMMON_BLOCKS = YES;
				GCC_WARN_64_TO_32_BIT_CONVERSION = YES;
				GCC_WARN_ABOUT_RETURN_TYPE = YES_ERROR;
				GCC_WARN_UNDECLARED_SELECTOR = YES;
				GCC_WARN_UNINITIALIZED_AUTOS = YES_AGGRESSIVE;
				GCC_WARN_UNUSED_FUNCTION = YES;
				GCC_WARN_UNUSED_VARIABLE = YES;
				IPHONEOS_DEPLOYMENT_TARGET = 11.2;
				MTL_ENABLE_DEBUG_INFO = NO;
				SDKROOT = iphoneos;
				SWIFT_OPTIMIZATION_LEVEL = "-Owholemodule";
				VALIDATE_PRODUCT = YES;
			};
			name = Release;
		};
		BBB8B3B31FFE6F66002C53CA /* Debug */ = {
			isa = XCBuildConfiguration;
			baseConfigurationReference = DBF2BE0C890798F6D5329442 /* Pods-Smack.debug.xcconfig */;
			buildSettings = {
				ASSETCATALOG_COMPILER_APPICON_NAME = AppIcon;
				CLANG_ENABLE_MODULES = YES;
				CODE_SIGN_STYLE = Automatic;
				DEVELOPMENT_TEAM = 3P8M46ABNP;
				INFOPLIST_FILE = Smack/Info.plist;
				LD_RUNPATH_SEARCH_PATHS = "$(inherited) @executable_path/Frameworks";
				PRODUCT_BUNDLE_IDENTIFIER = com.tharhtetsan.Smack;
				PRODUCT_NAME = "$(TARGET_NAME)";
				SWIFT_OBJC_BRIDGING_HEADER = "Smack/Supporting files/Smack-Bridging-Header.h";
				SWIFT_OPTIMIZATION_LEVEL = "-Onone";
				SWIFT_VERSION = 4.0;
				TARGETED_DEVICE_FAMILY = "1,2";
			};
			name = Debug;
		};
		BBB8B3B41FFE6F66002C53CA /* Release */ = {
			isa = XCBuildConfiguration;
			baseConfigurationReference = 932ED0DBB61B95985B6DDA43 /* Pods-Smack.release.xcconfig */;
			buildSettings = {
				ASSETCATALOG_COMPILER_APPICON_NAME = AppIcon;
				CLANG_ENABLE_MODULES = YES;
				CODE_SIGN_STYLE = Automatic;
				DEVELOPMENT_TEAM = 3P8M46ABNP;
				INFOPLIST_FILE = Smack/Info.plist;
				LD_RUNPATH_SEARCH_PATHS = "$(inherited) @executable_path/Frameworks";
				PRODUCT_BUNDLE_IDENTIFIER = com.tharhtetsan.Smack;
				PRODUCT_NAME = "$(TARGET_NAME)";
				SWIFT_OBJC_BRIDGING_HEADER = "Smack/Supporting files/Smack-Bridging-Header.h";
				SWIFT_VERSION = 4.0;
				TARGETED_DEVICE_FAMILY = "1,2";
			};
			name = Release;
		};
/* End XCBuildConfiguration section */

/* Begin XCConfigurationList section */
		BBB8B39B1FFE6F66002C53CA /* Build configuration list for PBXProject "Smack" */ = {
			isa = XCConfigurationList;
			buildConfigurations = (
				BBB8B3B01FFE6F66002C53CA /* Debug */,
				BBB8B3B11FFE6F66002C53CA /* Release */,
			);
			defaultConfigurationIsVisible = 0;
			defaultConfigurationName = Release;
		};
		BBB8B3B21FFE6F66002C53CA /* Build configuration list for PBXNativeTarget "Smack" */ = {
			isa = XCConfigurationList;
			buildConfigurations = (
				BBB8B3B31FFE6F66002C53CA /* Debug */,
				BBB8B3B41FFE6F66002C53CA /* Release */,
			);
			defaultConfigurationIsVisible = 0;
			defaultConfigurationName = Release;
		};
/* End XCConfigurationList section */
	};
	rootObject = BBB8B3981FFE6F66002C53CA /* Project object */;
}
